
Microsoft Visual Studio Solution File, Format Version 12.00
# Visual Studio Version 17
VisualStudioVersion = 17.14.36717.8
MinimumVisualStudioVersion = 10.0.40219.1
Project("{FAE04EC0-301F-11D3-BF4B-00C04F79EFBC}") = "WebApplication1", "WebApplication1\WebApplication1.csproj", "{654A3B93-D935-416F-86C8-549D6E3FFB39}"
EndProject
Global
	GlobalSection(SolutionConfigurationPlatforms) = preSolution
		Debug|Any CPU = Debug|Any CPU
		Release|Any CPU = Release|Any CPU
	EndGlobalSection
	GlobalSection(ProjectConfigurationPlatforms) = postSolution
		{654A3B93-D935-416F-86C8-549D6E3FFB39}.Debug|Any CPU.ActiveCfg = Debug|Any CPU
		{654A3B93-D935-416F-86C8-549D6E3FFB39}.Debug|Any CPU.Build.0 = Debug|Any CPU
		{654A3B93-D935-416F-86C8-549D6E3FFB39}.Release|Any CPU.ActiveCfg = Release|Any CPU
		{654A3B93-D935-416F-86C8-549D6E3FFB39}.Release|Any CPU.Build.0 = Release|Any CPU
	EndGlobalSection
	GlobalSection(SolutionProperties) = preSolution
		HideSolutionNode = FALSE
	EndGlobalSection
	GlobalSection(ExtensibilityGlobals) = postSolution
		SolutionGuid = {AFF98E21-C827-48D5-82A6-E1DC0B132765}
	EndGlobalSection
EndGlobal
